
Microsoft Visual Studio Solution File, Format Version 12.00
# Visual Studio 15
Project("{FAE04EC0-301F-11D3-BF4B-00C04F79EFBC}") = "PhotonUnityNetworking.Utilities", "PhotonUnityNetworking.Utilities.csproj", "{733E36CD-3B5F-E10B-C56A-DF83DE32A15E}"
EndProject
Project("{FAE04EC0-301F-11D3-BF4B-00C04F79EFBC}") = "Assembly-CSharp", "Assembly-CSharp.csproj", "{D1697B22-B678-D692-06DC-B074105DFE2B}"
EndProject
Project("{FAE04EC0-301F-11D3-BF4B-00C04F79EFBC}") = "PhotonUnityNetworking.Demos", "PhotonUnityNetworking.Demos.csproj", "{B69DE800-576E-DB96-A30C-43D992560867}"
EndProject
Project("{FAE04EC0-301F-11D3-BF4B-00C04F79EFBC}") = "PhotonUnityNetworking", "PhotonUnityNetworking.csproj", "{48FC602D-76DA-C57C-BBCE-E0DF369303C3}"
EndProject
Project("{FAE04EC0-301F-11D3-BF4B-00C04F79EFBC}") = "PhotonChat", "PhotonChat.csproj", "{9EBC1FBB-1824-7065-1DCC-7E8A4DC3077E}"
EndProject
Project("{FAE04EC0-301F-11D3-BF4B-00C04F79EFBC}") = "PhotonRealtime", "PhotonRealtime.csproj", "{C6FDB11A-5191-F0B7-94CA-EB7E10DB6A85}"
EndProject
Project("{FAE04EC0-301F-11D3-BF4B-00C04F79EFBC}") = "PhotonUnityNetworking.Editor", "PhotonUnityNetworking.Editor.csproj", "{3CCEA384-A825-BDEF-0E7A-A644BC62613C}"
EndProject
Project("{FAE04EC0-301F-11D3-BF4B-00C04F79EFBC}") = "PhotonUnityNetworking.Utilities.PhotonPlayer.Editor", "PhotonUnityNetworking.Utilities.PhotonPlayer.Editor.csproj", "{F44DD63A-0500-87DC-12AA-02A5EEB08BA2}"
EndProject
Project("{FAE04EC0-301F-11D3-BF4B-00C04F79EFBC}") = "PunDemos.DemoSlotcarEditor", "PunDemos.DemoSlotcarEditor.csproj", "{758678D2-EE53-4109-F6CE-9FC32AA5931D}"
EndProject
Project("{FAE04EC0-301F-11D3-BF4B-00C04F79EFBC}") = "PhotonUnityNetworking.Utilities.Culling.Editor", "PhotonUnityNetworking.Utilities.Culling.Editor.csproj", "{382A93A9-8B5C-DB48-A14D-2E67C23A19FA}"
EndProject
Project("{FAE04EC0-301F-11D3-BF4B-00C04F79EFBC}") = "PunDemos.DemoHubEditor", "PunDemos.DemoHubEditor.csproj", "{25DA1E13-AC94-1E9A-9AB1-C417E3B6146D}"
EndProject
Global
	GlobalSection(SolutionConfigurationPlatforms) = preSolution
		Debug|Any CPU = Debug|Any CPU
		Release|Any CPU = Release|Any CPU
	EndGlobalSection
	GlobalSection(ProjectConfigurationPlatforms) = postSolution
		{733E36CD-3B5F-E10B-C56A-DF83DE32A15E}.Debug|Any CPU.ActiveCfg = Debug|Any CPU
		{733E36CD-3B5F-E10B-C56A-DF83DE32A15E}.Debug|Any CPU.Build.0 = Debug|Any CPU
		{733E36CD-3B5F-E10B-C56A-DF83DE32A15E}.Release|Any CPU.ActiveCfg = Release|Any CPU
		{733E36CD-3B5F-E10B-C56A-DF83DE32A15E}.Release|Any CPU.Build.0 = Release|Any CPU
		{D1697B22-B678-D692-06DC-B074105DFE2B}.Debug|Any CPU.ActiveCfg = Debug|Any CPU
		{D1697B22-B678-D692-06DC-B074105DFE2B}.Debug|Any CPU.Build.0 = Debug|Any CPU
		{D1697B22-B678-D692-06DC-B074105DFE2B}.Release|Any CPU.ActiveCfg = Release|Any CPU
		{D1697B22-B678-D692-06DC-B074105DFE2B}.Release|Any CPU.Build.0 = Release|Any CPU
		{B69DE800-576E-DB96-A30C-43D992560867}.Debug|Any CPU.ActiveCfg = Debug|Any CPU
		{B69DE800-576E-DB96-A30C-43D992560867}.Debug|Any CPU.Build.0 = Debug|Any CPU
		{B69DE800-576E-DB96-A30C-43D992560867}.Release|Any CPU.ActiveCfg = Release|Any CPU
		{B69DE800-576E-DB96-A30C-43D992560867}.Release|Any CPU.Build.0 = Release|Any CPU
		{48FC602D-76DA-C57C-BBCE-E0DF369303C3}.Debug|Any CPU.ActiveCfg = Debug|Any CPU
		{48FC602D-76DA-C57C-BBCE-E0DF369303C3}.Debug|Any CPU.Build.0 = Debug|Any CPU
		{48FC602D-76DA-C57C-BBCE-E0DF369303C3}.Release|Any CPU.ActiveCfg = Release|Any CPU
		{48FC602D-76DA-C57C-BBCE-E0DF369303C3}.Release|Any CPU.Build.0 = Release|Any CPU
		{9EBC1FBB-1824-7065-1DCC-7E8A4DC3077E}.Debug|Any CPU.ActiveCfg = Debug|Any CPU
		{9EBC1FBB-1824-7065-1DCC-7E8A4DC3077E}.Debug|Any CPU.Build.0 = Debug|Any CPU
		{9EBC1FBB-1824-7065-1DCC-7E8A4DC3077E}.Release|Any CPU.ActiveCfg = Release|Any CPU
		{9EBC1FBB-1824-7065-1DCC-7E8A4DC3077E}.Release|Any CPU.Build.0 = Release|Any CPU
		{C6FDB11A-5191-F0B7-94CA-EB7E10DB6A85}.Debug|Any CPU.ActiveCfg = Debug|Any CPU
		{C6FDB11A-5191-F0B7-94CA-EB7E10DB6A85}.Debug|Any CPU.Build.0 = Debug|Any CPU
		{C6FDB11A-5191-F0B7-94CA-EB7E10DB6A85}.Release|Any CPU.ActiveCfg = Release|Any CPU
		{C6FDB11A-5191-F0B7-94CA-EB7E10DB6A85}.Release|Any CPU.Build.0 = Release|Any CPU
		{3CCEA384-A825-BDEF-0E7A-A644BC62613C}.Debug|Any CPU.ActiveCfg = Debug|Any CPU
		{3CCEA384-A825-BDEF-0E7A-A644BC62613C}.Debug|Any CPU.Build.0 = Debug|Any CPU
		{3CCEA384-A825-BDEF-0E7A-A644BC62613C}.Release|Any CPU.ActiveCfg = Release|Any CPU
		{3CCEA384-A825-BDEF-0E7A-A644BC62613C}.Release|Any CPU.Build.0 = Release|Any CPU
		{F44DD63A-0500-87DC-12AA-02A5EEB08BA2}.Debug|Any CPU.ActiveCfg = Debug|Any CPU
		{F44DD63A-0500-87DC-12AA-02A5EEB08BA2}.Debug|Any CPU.Build.0 = Debug|Any CPU
		{F44DD63A-0500-87DC-12AA-02A5EEB08BA2}.Release|Any CPU.ActiveCfg = Release|Any CPU
		{F44DD63A-0500-87DC-12AA-02A5EEB08BA2}.Release|Any CPU.Build.0 = Release|Any CPU
		{758678D2-EE53-4109-F6CE-9FC32AA5931D}.Debug|Any CPU.ActiveCfg = Debug|Any CPU
		{758678D2-EE53-4109-F6CE-9FC32AA5931D}.Debug|Any CPU.Build.0 = Debug|Any CPU
		{758678D2-EE53-4109-F6CE-9FC32AA5931D}.Release|Any CPU.ActiveCfg = Release|Any CPU
		{758678D2-EE53-4109-F6CE-9FC32AA5931D}.Release|Any CPU.Build.0 = Release|Any CPU
		{382A93A9-8B5C-DB48-A14D-2E67C23A19FA}.Debug|Any CPU.ActiveCfg = Debug|Any CPU
		{382A93A9-8B5C-DB48-A14D-2E67C23A19FA}.Debug|Any CPU.Build.0 = Debug|Any CPU
		{382A93A9-8B5C-DB48-A14D-2E67C23A19FA}.Release|Any CPU.ActiveCfg = Release|Any CPU
		{382A93A9-8B5C-DB48-A14D-2E67C23A19FA}.Release|Any CPU.Build.0 = Release|Any CPU
		{25DA1E13-AC94-1E9A-9AB1-C417E3B6146D}.Debug|Any CPU.ActiveCfg = Debug|Any CPU
		{25DA1E13-AC94-1E9A-9AB1-C417E3B6146D}.Debug|Any CPU.Build.0 = Debug|Any CPU
		{25DA1E13-AC94-1E9A-9AB1-C417E3B6146D}.Release|Any CPU.ActiveCfg = Release|Any CPU
		{25DA1E13-AC94-1E9A-9AB1-C417E3B6146D}.Release|Any CPU.Build.0 = Release|Any CPU
	EndGlobalSection
	GlobalSection(SolutionProperties) = preSolution
		HideSolutionNode = FALSE
	EndGlobalSection
EndGlobal
